// !$*UTF8*$!
{
	archiveVersion = 1;
	classes = {
	};
	objectVersion = 56;
	objects = {

/* Begin PBXBuildFile section */
		1CB6989C2CFFF235009332BF /* AppDelegate.swift in Sources */ = {isa = PBXBuildFile; fileRef = 1CB6989B2CFFF235009332BF /* AppDelegate.swift */; };
		1CB6989E2CFFF235009332BF /* SceneDelegate.swift in Sources */ = {isa = PBXBuildFile; fileRef = 1CB6989D2CFFF235009332BF /* SceneDelegate.swift */; };
		1CB698A02CFFF235009332BF /* ViewController.swift in Sources */ = {isa = PBXBuildFile; fileRef = 1CB6989F2CFFF235009332BF /* ViewController.swift */; };
		1CB698A32CFFF235009332BF /* Base in Resources */ = {isa = PBXBuildFile; fileRef = 1CB698A22CFFF235009332BF /* Base */; };
		1CB698A62CFFF235009332BF /* CathayInterviewApp.xcdatamodeld in Sources */ = {isa = PBXBuildFile; fileRef = 1CB698A42CFFF235009332BF /* CathayInterviewApp.xcdatamodeld */; };
		1CB698A82CFFF235009332BF /* Assets.xcassets in Resources */ = {isa = PBXBuildFile; fileRef = 1CB698A72CFFF235009332BF /* Assets.xcassets */; };
		1CB698AB2CFFF235009332BF /* Base in Resources */ = {isa = PBXBuildFile; fileRef = 1CB698AA2CFFF235009332BF /* Base */; };
		1CB698B92D0025F3009332BF /* Notification.swift in Sources */ = {isa = PBXBuildFile; fileRef = 1CB698B82D0025F3009332BF /* Notification.swift */; };
		1CB698BB2D002664009332BF /* Account.swift in Sources */ = {isa = PBXBuildFile; fileRef = 1CB698BA2D002664009332BF /* Account.swift */; };
		1CB698BD2D002679009332BF /* APIService.swift in Sources */ = {isa = PBXBuildFile; fileRef = 1CB698BC2D002679009332BF /* APIService.swift */; };
		1CB698BF2D0026B7009332BF /* MainViewModel.swift in Sources */ = {isa = PBXBuildFile; fileRef = 1CB698BE2D0026B7009332BF /* MainViewModel.swift */; };
		1CB698C12D00277F009332BF /* MainViewController.swift in Sources */ = {isa = PBXBuildFile; fileRef = 1CB698C02D00277F009332BF /* MainViewController.swift */; };
/* End PBXBuildFile section */

/* Begin PBXFileReference section */
		1CB698982CFFF235009332BF /* CathayInterviewApp.app */ = {isa = PBXFileReference; explicitFileType = wrapper.application; includeInIndex = 0; path = CathayInterviewApp.app; sourceTree = BUILT_PRODUCTS_DIR; };
		1CB6989B2CFFF235009332BF /* AppDelegate.swift */ = {isa = PBXFileReference; lastKnownFileType = sourcecode.swift; path = AppDelegate.swift; sourceTree = "<group>"; };
		1CB6989D2CFFF235009332BF /* SceneDelegate.swift */ = {isa = PBXFileReference; lastKnownFileType = sourcecode.swift; path = SceneDelegate.swift; sourceTree = "<group>"; };
		1CB6989F2CFFF235009332BF /* ViewController.swift */ = {isa = PBXFileReference; lastKnownFileType = sourcecode.swift; path = ViewController.swift; sourceTree = "<group>"; };
		1CB698A22CFFF235009332BF /* Base */ = {isa = PBXFileReference; lastKnownFileType = file.storyboard; name = Base; path = Base.lproj/Main.storyboard; sourceTree = "<group>"; };
		1CB698A52CFFF235009332BF /* CathayInterviewApp.xcdatamodel */ = {isa = PBXFileReference; lastKnownFileType = wrapper.xcdatamodel; path = CathayInterviewApp.xcdatamodel; sourceTree = "<group>"; };
		1CB698A72CFFF235009332BF /* Assets.xcassets */ = {isa = PBXFileReference; lastKnownFileType = folder.assetcatalog; path = Assets.xcassets; sourceTree = "<group>"; };
		1CB698AA2CFFF235009332BF /* Base */ = {isa = PBXFileReference; lastKnownFileType = file.storyboard; name = Base; path = Base.lproj/LaunchScreen.storyboard; sourceTree = "<group>"; };
		1CB698AC2CFFF235009332BF /* Info.plist */ = {isa = PBXFileReference; lastKnownFileType = text.plist.xml; path = Info.plist; sourceTree = "<group>"; };
		1CB698B82D0025F3009332BF /* Notification.swift */ = {isa = PBXFileReference; lastKnownFileType = sourcecode.swift; path = Notification.swift; sourceTree = "<group>"; };
		1CB698BA2D002664009332BF /* Account.swift */ = {isa = PBXFileReference; lastKnownFileType = sourcecode.swift; path = Account.swift; sourceTree = "<group>"; };
		1CB698BC2D002679009332BF /* APIService.swift */ = {isa = PBXFileReference; lastKnownFileType = sourcecode.swift; path = APIService.swift; sourceTree = "<group>"; };
		1CB698BE2D0026B7009332BF /* MainViewModel.swift */ = {isa = PBXFileReference; lastKnownFileType = sourcecode.swift; path = MainViewModel.swift; sourceTree = "<group>"; };
		1CB698C02D00277F009332BF /* MainViewController.swift */ = {isa = PBXFileReference; lastKnownFileType = sourcecode.swift; path = MainViewController.swift; sourceTree = "<group>"; };
/* End PBXFileReference section */

/* Begin PBXFrameworksBuildPhase section */
		1CB698952CFFF235009332BF /* Frameworks */ = {
			isa = PBXFrameworksBuildPhase;
			buildActionMask = 2147483647;
			files = (
			);
			runOnlyForDeploymentPostprocessing = 0;
		};
/* End PBXFrameworksBuildPhase section */

/* Begin PBXGroup section */
		1CB6988F2CFFF235009332BF = {
			isa = PBXGroup;
			children = (
				1CB6989A2CFFF235009332BF /* CathayInterviewApp */,
				1CB698992CFFF235009332BF /* Products */,
			);
			sourceTree = "<group>";
		};
		1CB698992CFFF235009332BF /* Products */ = {
			isa = PBXGroup;
			children = (
				1CB698982CFFF235009332BF /* CathayInterviewApp.app */,
			);
			name = Products;
			sourceTree = "<group>";
		};
		1CB6989A2CFFF235009332BF /* CathayInterviewApp */ = {
			isa = PBXGroup;
			children = (
				1CB6989B2CFFF235009332BF /* AppDelegate.swift */,
				1CB6989D2CFFF235009332BF /* SceneDelegate.swift */,
				1CB6989F2CFFF235009332BF /* ViewController.swift */,
				1CB698C22D00279A009332BF /* Model */,
				1CB698C52D0027F0009332BF /* Service */,
				1CB698C42D0027C8009332BF /* View */,
				1CB698C32D0027B1009332BF /* ViewModel */,
				1CB698C62D002814009332BF /* Resources */,
				1CB698AC2CFFF235009332BF /* Info.plist */,
				1CB698A42CFFF235009332BF /* CathayInterviewApp.xcdatamodeld */,
			);
			path = CathayInterviewApp;
			sourceTree = "<group>";
		};
		1CB698C22D00279A009332BF /* Model */ = {
			isa = PBXGroup;
			children = (
				1CB698B82D0025F3009332BF /* Notification.swift */,
				1CB698BA2D002664009332BF /* Account.swift */,
			);
			path = Model;
			sourceTree = "<group>";
		};
		1CB698C32D0027B1009332BF /* ViewModel */ = {
			isa = PBXGroup;
			children = (
				1CB698BE2D0026B7009332BF /* MainViewModel.swift */,
			);
			path = ViewModel;
			sourceTree = "<group>";
		};
		1CB698C42D0027C8009332BF /* View */ = {
			isa = PBXGroup;
			children = (
				1CB698C02D00277F009332BF /* MainViewController.swift */,
			);
			path = View;
			sourceTree = "<group>";
		};
		1CB698C52D0027F0009332BF /* Service */ = {
			isa = PBXGroup;
			children = (
				1CB698BC2D002679009332BF /* APIService.swift */,
			);
			path = Service;
			sourceTree = "<group>";
		};
		1CB698C62D002814009332BF /* Resources */ = {
			isa = PBXGroup;
			children = (
				1CB698A72CFFF235009332BF /* Assets.xcassets */,
				1CB698A12CFFF235009332BF /* Main.storyboard */,
				1CB698A92CFFF235009332BF /* LaunchScreen.storyboard */,
			);
			path = Resources;
			sourceTree = "<group>";
		};
/* End PBXGroup section */

/* Begin PBXNativeTarget section */
		1CB698972CFFF235009332BF /* CathayInterviewApp */ = {
			isa = PBXNativeTarget;
			buildConfigurationList = 1CB698AF2CFFF235009332BF /* Build configuration list for PBXNativeTarget "CathayInterviewApp" */;
			buildPhases = (
				1CB698942CFFF235009332BF /* Sources */,
				1CB698952CFFF235009332BF /* Frameworks */,
				1CB698962CFFF235009332BF /* Resources */,
			);
			buildRules = (
			);
			dependencies = (
			);
			name = CathayInterviewApp;
			productName = CathayInterviewApp;
			productReference = 1CB698982CFFF235009332BF /* CathayInterviewApp.app */;
			productType = "com.apple.product-type.application";
		};
/* End PBXNativeTarget section */

/* Begin PBXProject section */
		1CB698902CFFF235009332BF /* Project object */ = {
			isa = PBXProject;
			attributes = {
				BuildIndependentTargetsInParallel = 1;
				LastSwiftUpdateCheck = 1540;
				LastUpgradeCheck = 1540;
				TargetAttributes = {
					1CB698972CFFF235009332BF = {
						CreatedOnToolsVersion = 15.4;
					};
				};
			};
			buildConfigurationList = 1CB698932CFFF235009332BF /* Build configuration list for PBXProject "CathayInterviewApp" */;
			compatibilityVersion = "Xcode 14.0";
			developmentRegion = en;
			hasScannedForEncodings = 0;
			knownRegions = (
				en,
				Base,
			);
			mainGroup = 1CB6988F2CFFF235009332BF;
			productRefGroup = 1CB698992CFFF235009332BF /* Products */;
			projectDirPath = "";
			projectRoot = "";
			targets = (
				1CB698972CFFF235009332BF /* CathayInterviewApp */,
			);
		};
/* End PBXProject section */

/* Begin PBXResourcesBuildPhase section */
		1CB698962CFFF235009332BF /* Resources */ = {
			isa = PBXResourcesBuildPhase;
			buildActionMask = 2147483647;
			files = (
				1CB698A82CFFF235009332BF /* Assets.xcassets in Resources */,
				1CB698AB2CFFF235009332BF /* Base in Resources */,
				1CB698A32CFFF235009332BF /* Base in Resources */,
			);
			runOnlyForDeploymentPostprocessing = 0;
		};
/* End PBXResourcesBuildPhase section */

/* Begin PBXSourcesBuildPhase section */
		1CB698942CFFF235009332BF /* Sources */ = {
			isa = PBXSourcesBuildPhase;
			buildActionMask = 2147483647;
			files = (
				1CB698A02CFFF235009332BF /* ViewController.swift in Sources */,
				1CB698BD2D002679009332BF /* APIService.swift in Sources */,
				1CB698B92D0025F3009332BF /* Notification.swift in Sources */,
				1CB6989C2CFFF235009332BF /* AppDelegate.swift in Sources */,
				1CB6989E2CFFF235009332BF /* SceneDelegate.swift in Sources */,
				1CB698A62CFFF235009332BF /* CathayInterviewApp.xcdatamodeld in Sources */,
				1CB698C12D00277F009332BF /* MainViewController.swift in Sources */,
				1CB698BB2D002664009332BF /* Account.swift in Sources */,
				1CB698BF2D0026B7009332BF /* MainViewModel.swift in Sources */,
			);
			runOnlyForDeploymentPostprocessing = 0;
		};
/* End PBXSourcesBuildPhase section */

/* Begin PBXVariantGroup section */
		1CB698A12CFFF235009332BF /* Main.storyboard */ = {
			isa = PBXVariantGroup;
			children = (
				1CB698A22CFFF235009332BF /* Base */,
			);
			name = Main.storyboard;
			sourceTree = "<group>";
		};
		1CB698A92CFFF235009332BF /* LaunchScreen.storyboard */ = {
			isa = PBXVariantGroup;
			children = (
				1CB698AA2CFFF235009332BF /* Base */,
			);
			name = LaunchScreen.storyboard;
			sourceTree = "<group>";
		};
/* End PBXVariantGroup section */

/* Begin XCBuildConfiguration section */
		1CB698AD2CFFF235009332BF /* Debug */ = {
			isa = XCBuildConfiguration;
			buildSettings = {
				ALWAYS_SEARCH_USER_PATHS = NO;
				ASSETCATALOG_COMPILER_GENERATE_SWIFT_ASSET_SYMBOL_EXTENSIONS = YES;
				CLANG_ANALYZER_NONNULL = YES;
				CLANG_ANALYZER_NUMBER_OBJECT_CONVERSION = YES_AGGRESSIVE;
				CLANG_CXX_LANGUAGE_STANDARD = "gnu++20";
				CLANG_ENABLE_MODULES = YES;
				CLANG_ENABLE_OBJC_ARC = YES;
				CLANG_ENABLE_OBJC_WEAK = YES;
				CLANG_WARN_BLOCK_CAPTURE_AUTORELEASING = YES;
				CLANG_WARN_BOOL_CONVERSION = YES;
				CLANG_WARN_COMMA = YES;
				CLANG_WARN_CONSTANT_CONVERSION = YES;
				CLANG_WARN_DEPRECATED_OBJC_IMPLEMENTATIONS = YES;
				CLANG_WARN_DIRECT_OBJC_ISA_USAGE = YES_ERROR;
				CLANG_WARN_DOCUMENTATION_COMMENTS = YES;
				CLANG_WARN_EMPTY_BODY = YES;
				CLANG_WARN_ENUM_CONVERSION = YES;
				CLANG_WARN_INFINITE_RECURSION = YES;
				CLANG_WARN_INT_CONVERSION = YES;
				CLANG_WARN_NON_LITERAL_NULL_CONVERSION = YES;
				CLANG_WARN_OBJC_IMPLICIT_RETAIN_SELF = YES;
				CLANG_WARN_OBJC_LITERAL_CONVERSION = YES;
				CLANG_WARN_OBJC_ROOT_CLASS = YES_ERROR;
				CLANG_WARN_QUOTED_INCLUDE_IN_FRAMEWORK_HEADER = YES;
				CLANG_WARN_RANGE_LOOP_ANALYSIS = YES;
				CLANG_WARN_STRICT_PROTOTYPES = YES;
				CLANG_WARN_SUSPICIOUS_MOVE = YES;
				CLANG_WARN_UNGUARDED_AVAILABILITY = YES_AGGRESSIVE;
				CLANG_WARN_UNREACHABLE_CODE = YES;
				CLANG_WARN__DUPLICATE_METHOD_MATCH = YES;
				COPY_PHASE_STRIP = NO;
				DEBUG_INFORMATION_FORMAT = dwarf;
				ENABLE_STRICT_OBJC_MSGSEND = YES;
				ENABLE_TESTABILITY = YES;
				ENABLE_USER_SCRIPT_SANDBOXING = YES;
				GCC_C_LANGUAGE_STANDARD = gnu17;
				GCC_DYNAMIC_NO_PIC = NO;
				GCC_NO_COMMON_BLOCKS = YES;
				GCC_OPTIMIZATION_LEVEL = 0;
				GCC_PREPROCESSOR_DEFINITIONS = (
					"DEBUG=1",
					"$(inherited)",
				);
				GCC_WARN_64_TO_32_BIT_CONVERSION = YES;
				GCC_WARN_ABOUT_RETURN_TYPE = YES_ERROR;
				GCC_WARN_UNDECLARED_SELECTOR = YES;
				GCC_WARN_UNINITIALIZED_AUTOS = YES_AGGRESSIVE;
				GCC_WARN_UNUSED_FUNCTION = YES;
				GCC_WARN_UNUSED_VARIABLE = YES;
				IPHONEOS_DEPLOYMENT_TARGET = 17.5;
				LOCALIZATION_PREFERS_STRING_CATALOGS = YES;
				MTL_ENABLE_DEBUG_INFO = INCLUDE_SOURCE;
				MTL_FAST_MATH = YES;
				ONLY_ACTIVE_ARCH = YES;
				SDKROOT = iphoneos;
				SWIFT_ACTIVE_COMPILATION_CONDITIONS = "DEBUG $(inherited)";
				SWIFT_OPTIMIZATION_LEVEL = "-Onone";
			};
			name = Debug;
		};
		1CB698AE2CFFF235009332BF /* Release */ = {
			isa = XCBuildConfiguration;
			buildSettings = {
				ALWAYS_SEARCH_USER_PATHS = NO;
				ASSETCATALOG_COMPILER_GENERATE_SWIFT_ASSET_SYMBOL_EXTENSIONS = YES;
				CLANG_ANALYZER_NONNULL = YES;
				CLANG_ANALYZER_NUMBER_OBJECT_CONVERSION = YES_AGGRESSIVE;
				CLANG_CXX_LANGUAGE_STANDARD = "gnu++20";
				CLANG_ENABLE_MODULES = YES;
				CLANG_ENABLE_OBJC_ARC = YES;
				CLANG_ENABLE_OBJC_WEAK = YES;
				CLANG_WARN_BLOCK_CAPTURE_AUTORELEASING = YES;
				CLANG_WARN_BOOL_CONVERSION = YES;
				CLANG_WARN_COMMA = YES;
				CLANG_WARN_CONSTANT_CONVERSION = YES;
				CLANG_WARN_DEPRECATED_OBJC_IMPLEMENTATIONS = YES;
				CLANG_WARN_DIRECT_OBJC_ISA_USAGE = YES_ERROR;
				CLANG_WARN_DOCUMENTATION_COMMENTS = YES;
				CLANG_WARN_EMPTY_BODY = YES;
				CLANG_WARN_ENUM_CONVERSION = YES;
				CLANG_WARN_INFINITE_RECURSION = YES;
				CLANG_WARN_INT_CONVERSION = YES;
				CLANG_WARN_NON_LITERAL_NULL_CONVERSION = YES;
				CLANG_WARN_OBJC_IMPLICIT_RETAIN_SELF = YES;
				CLANG_WARN_OBJC_LITERAL_CONVERSION = YES;
				CLANG_WARN_OBJC_ROOT_CLASS = YES_ERROR;
				CLANG_WARN_QUOTED_INCLUDE_IN_FRAMEWORK_HEADER = YES;
				CLANG_WARN_RANGE_LOOP_ANALYSIS = YES;
				CLANG_WARN_STRICT_PROTOTYPES = YES;
				CLANG_WARN_SUSPICIOUS_MOVE = YES;
				CLANG_WARN_UNGUARDED_AVAILABILITY = YES_AGGRESSIVE;
				CLANG_WARN_UNREACHABLE_CODE = YES;
				CLANG_WARN__DUPLICATE_METHOD_MATCH = YES;
				COPY_PHASE_STRIP = NO;
				DEBUG_INFORMATION_FORMAT = "dwarf-with-dsym";
				ENABLE_NS_ASSERTIONS = NO;
				ENABLE_STRICT_OBJC_MSGSEND = YES;
				ENABLE_USER_SCRIPT_SANDBOXING = YES;
				GCC_C_LANGUAGE_STANDARD = gnu17;
				GCC_NO_COMMON_BLOCKS = YES;
				GCC_WARN_64_TO_32_BIT_CONVERSION = YES;
				GCC_WARN_ABOUT_RETURN_TYPE = YES_ERROR;
				GCC_WARN_UNDECLARED_SELECTOR = YES;
				GCC_WARN_UNINITIALIZED_AUTOS = YES_AGGRESSIVE;
				GCC_WARN_UNUSED_FUNCTION = YES;
				GCC_WARN_UNUSED_VARIABLE = YES;
				IPHONEOS_DEPLOYMENT_TARGET = 17.5;
				LOCALIZATION_PREFERS_STRING_CATALOGS = YES;
				MTL_ENABLE_DEBUG_INFO = NO;
				MTL_FAST_MATH = YES;
				SDKROOT = iphoneos;
				SWIFT_COMPILATION_MODE = wholemodule;
				VALIDATE_PRODUCT = YES;
			};
			name = Release;
		};
		1CB698B02CFFF235009332BF /* Debug */ = {
			isa = XCBuildConfiguration;
			buildSettings = {
				ASSETCATALOG_COMPILER_APPICON_NAME = AppIcon;
				ASSETCATALOG_COMPILER_GLOBAL_ACCENT_COLOR_NAME = AccentColor;
				CODE_SIGN_STYLE = Automatic;
				CURRENT_PROJECT_VERSION = 1;
				DEVELOPMENT_TEAM = 8GZQ47DW9W;
				GENERATE_INFOPLIST_FILE = YES;
				INFOPLIST_FILE = CathayInterviewApp/Info.plist;
				INFOPLIST_KEY_UIApplicationSupportsIndirectInputEvents = YES;
				INFOPLIST_KEY_UILaunchStoryboardName = LaunchScreen;
				INFOPLIST_KEY_UIMainStoryboardFile = Main;
				INFOPLIST_KEY_UISupportedInterfaceOrientations_iPad = "UIInterfaceOrientationPortrait UIInterfaceOrientationPortraitUpsideDown UIInterfaceOrientationLandscapeLeft UIInterfaceOrientationLandscapeRight";
				INFOPLIST_KEY_UISupportedInterfaceOrientations_iPhone = "UIInterfaceOrientationPortrait UIInterfaceOrientationLandscapeLeft UIInterfaceOrientationLandscapeRight";
				LD_RUNPATH_SEARCH_PATHS = (
					"$(inherited)",
					"@executable_path/Frameworks",
				);
				MARKETING_VERSION = 1.0;
				PRODUCT_BUNDLE_IDENTIFIER = com.vickyoyaya.CathayInterviewApp;
				PRODUCT_NAME = "$(TARGET_NAME)";
				SWIFT_EMIT_LOC_STRINGS = YES;
				SWIFT_VERSION = 5.0;
				TARGETED_DEVICE_FAMILY = "1,2";
			};
			name = Debug;
		};
		1CB698B12CFFF235009332BF /* Release */ = {
			isa = XCBuildConfiguration;
			buildSettings = {
				ASSETCATALOG_COMPILER_APPICON_NAME = AppIcon;
				ASSETCATALOG_COMPILER_GLOBAL_ACCENT_COLOR_NAME = AccentColor;
				CODE_SIGN_STYLE = Automatic;
				CURRENT_PROJECT_VERSION = 1;
				DEVELOPMENT_TEAM = 8GZQ47DW9W;
				GENERATE_INFOPLIST_FILE = YES;
				INFOPLIST_FILE = CathayInterviewApp/Info.plist;
				INFOPLIST_KEY_UIApplicationSupportsIndirectInputEvents = YES;
				INFOPLIST_KEY_UILaunchStoryboardName = LaunchScreen;
				INFOPLIST_KEY_UIMainStoryboardFile = Main;
				INFOPLIST_KEY_UISupportedInterfaceOrientations_iPad = "UIInterfaceOrientationPortrait UIInterfaceOrientationPortraitUpsideDown UIInterfaceOrientationLandscapeLeft UIInterfaceOrientationLandscapeRight";
				INFOPLIST_KEY_UISupportedInterfaceOrientations_iPhone = "UIInterfaceOrientationPortrait UIInterfaceOrientationLandscapeLeft UIInterfaceOrientationLandscapeRight";
				LD_RUNPATH_SEARCH_PATHS = (
					"$(inherited)",
					"@executable_path/Frameworks",
				);
				MARKETING_VERSION = 1.0;
				PRODUCT_BUNDLE_IDENTIFIER = com.vickyoyaya.CathayInterviewApp;
				PRODUCT_NAME = "$(TARGET_NAME)";
				SWIFT_EMIT_LOC_STRINGS = YES;
				SWIFT_VERSION = 5.0;
				TARGETED_DEVICE_FAMILY = "1,2";
			};
			name = Release;
		};
/* End XCBuildConfiguration section */

/* Begin XCConfigurationList section */
		1CB698932CFFF235009332BF /* Build configuration list for PBXProject "CathayInterviewApp" */ = {
			isa = XCConfigurationList;
			buildConfigurations = (
				1CB698AD2CFFF235009332BF /* Debug */,
				1CB698AE2CFFF235009332BF /* Release */,
			);
			defaultConfigurationIsVisible = 0;
			defaultConfigurationName = Release;
		};
		1CB698AF2CFFF235009332BF /* Build configuration list for PBXNativeTarget "CathayInterviewApp" */ = {
			isa = XCConfigurationList;
			buildConfigurations = (
				1CB698B02CFFF235009332BF /* Debug */,
				1CB698B12CFFF235009332BF /* Release */,
			);
			defaultConfigurationIsVisible = 0;
			defaultConfigurationName = Release;
		};
/* End XCConfigurationList section */

/* Begin XCVersionGroup section */
		1CB698A42CFFF235009332BF /* CathayInterviewApp.xcdatamodeld */ = {
			isa = XCVersionGroup;
			children = (
				1CB698A52CFFF235009332BF /* CathayInterviewApp.xcdatamodel */,
			);
			currentVersion = 1CB698A52CFFF235009332BF /* CathayInterviewApp.xcdatamodel */;
			path = CathayInterviewApp.xcdatamodeld;
			sourceTree = "<group>";
			versionGroupType = wrapper.xcdatamodel;
		};
/* End XCVersionGroup section */
	};
	rootObject = 1CB698902CFFF235009332BF /* Project object */;
}
